{
  "version": 4,
  "terraform_version": "0.13.4",
  "serial": 18,
  "lineage": "8b231c9b-8d07-23cb-57cc-f5a7d8b1b419",
  "outputs": {},
  "resources": [
    {
      "mode": "managed",
      "type": "aws_instance",
      "name": "ec2",
      "provider": "provider[\"registry.terraform.io/hashicorp/aws\"]",
      "instances": [
        {
          "status": "tainted",
          "schema_version": 1,
          "attributes": {
            "ami": "ami-0f158b0f26f18e619",
            "arn": "arn:aws:ec2:ap-southeast-2:640409612564:instance/i-02fb5464fb013a2ab",
            "associate_public_ip_address": true,
            "availability_zone": "ap-southeast-2a",
            "cpu_core_count": 1,
            "cpu_threads_per_core": 1,
            "credit_specification": [
              {
                "cpu_credits": "standard"
              }
            ],
            "disable_api_termination": false,
            "ebs_block_device": [],
            "ebs_optimized": false,
            "ephemeral_block_device": [],
            "get_password_data": false,
            "hibernation": false,
            "host_id": null,
            "iam_instance_profile": "",
            "id": "i-02fb5464fb013a2ab",
            "instance_initiated_shutdown_behavior": null,
            "instance_state": "running",
            "instance_type": "t2.micro",
            "ipv6_address_count": 0,
            "ipv6_addresses": [],
            "key_name": "main_key",
            "metadata_options": [
              {
                "http_endpoint": "enabled",
                "http_put_response_hop_limit": 1,
                "http_tokens": "optional"
              }
            ],
            "monitoring": false,
            "network_interface": [],
            "outpost_arn": "",
            "password_data": "",
            "placement_group": "",
            "primary_network_interface_id": "eni-00b99af6ec02d5e3f",
            "private_dns": "ip-172-31-4-124.ap-southeast-2.compute.internal",
            "private_ip": "172.31.4.124",
            "public_dns": "ec2-3-25-88-158.ap-southeast-2.compute.amazonaws.com",
            "public_ip": "3.25.88.158",
            "root_block_device": [
              {
                "delete_on_termination": true,
                "device_name": "/dev/sda1",
                "encrypted": false,
                "iops": 100,
                "kms_key_id": "",
                "volume_id": "vol-0dcaf0dbbc5c51c65",
                "volume_size": 8,
                "volume_type": "gp2"
              }
            ],
            "secondary_private_ips": [],
            "security_groups": [
              "default"
            ],
            "source_dest_check": true,
            "subnet_id": "subnet-fe0b5c99",
            "tags": null,
            "tenancy": "default",
            "timeouts": null,
            "user_data": null,
            "user_data_base64": null,
            "volume_tags": {},
            "vpc_security_group_ids": [
              "sg-00ad8d79"
            ]
          },
          "private": "eyJlMmJmYjczMC1lY2FhLTExZTYtOGY4OC0zNDM2M2JjN2M0YzAiOnsiY3JlYXRlIjo2MDAwMDAwMDAwMDAsImRlbGV0ZSI6MTIwMDAwMDAwMDAwMCwidXBkYXRlIjo2MDAwMDAwMDAwMDB9LCJzY2hlbWFfdmVyc2lvbiI6IjEifQ==",
          "dependencies": [
            "aws_key_pair.main_key"
          ]
        }
      ]
    },
    {
      "mode": "managed",
      "type": "aws_key_pair",
      "name": "main_key",
      "provider": "provider[\"registry.terraform.io/hashicorp/aws\"]",
      "instances": [
        {
          "schema_version": 1,
          "attributes": {
            "arn": "arn:aws:ec2:ap-southeast-2:640409612564:key-pair/main_key",
            "fingerprint": "2f:0a:4a:4b:e7:4e:bd:c7:ce:1f:f7:a8:33:ca:b6:cc",
            "id": "main_key",
            "key_name": "main_key",
            "key_name_prefix": null,
            "key_pair_id": "key-02b70db37b27dd0f7",
            "public_key": "ssh-rsa AAAAB3NzaC1yc2EAAAADAQABAAABgQDMv76BkyR3gfNbe8P78QZRjElzqq0HMkhcOhBWID2FWHdq2dyy4e6a+Vhbgp8JiNCWrft6OKEdja+T5ywH0Ow6klHod7GdeMEucB1oFFKW5DEV/Mk7MSot2ybfkCpI9yrVmNkC6pt09g1tn5XwViyPxHwLOAcCK8/WYYK8zk4S2j5sYJSyfwfaoHS4mAhSEoMaLRcUcu4RNFkmF+SkbHw7q1PmNHcveRyNXCURr2tPWGg7jiHdeep5h4tdBnMqFqUTZEYDVBNFye7fYcPegSVTuExsPvpF/VU110d9v3aCsEaoOR9V4PXC2owbkiBOQldjCe5VswTILQzTZUdhrdtFlP053KtOfOGmaKGFwHv4uf7DT3SJVSfl9L4pAhFCwTBaHPBChFq1VcUJ4WKgy9INoSMbbFn/vIz4asImvMsSI5hJVaPzF/svyg/lV6puKNcx24XrlzbRbckufoGAayDPCi3QUjLtZZd5Vs87DF/P27SIv72ZgLSVECUG0XmRbC8= johnnormancapule@DESKTOP-HIKTL09",
            "tags": null
          },
          "private": "eyJzY2hlbWFfdmVyc2lvbiI6IjEifQ=="
        }
      ]
    }
  ]
}
